
Microsoft Visual Studio Solution File, Format Version 12.00
# Visual Studio 14
VisualStudioVersion = 14.0.25123.0
MinimumVisualStudioVersion = 10.0.40219.1
Project("{FAE04EC0-301F-11D3-BF4B-00C04F79EFBC}") = "DownloadManager.Library", "DownloadManager.Library\DownloadManager.Library.csproj", "{BB9CB244-6BA0-4A57-8467-96B13B071B0B}"
EndProject
Project("{FAE04EC0-301F-11D3-BF4B-00C04F79EFBC}") = "DownloadManager.ServiceTestConsole", "DownloadManager.ServiceTestConsole\DownloadManager.ServiceTestConsole.csproj", "{A61F2710-B4F4-4C81-93B4-10CDC4F70388}"
EndProject
Global
	GlobalSection(SolutionConfigurationPlatforms) = preSolution
		Debug|Any CPU = Debug|Any CPU
		Release|Any CPU = Release|Any CPU
	EndGlobalSection
	GlobalSection(ProjectConfigurationPlatforms) = postSolution
		{BB9CB244-6BA0-4A57-8467-96B13B071B0B}.Debug|Any CPU.ActiveCfg = Debug|Any CPU
		{BB9CB244-6BA0-4A57-8467-96B13B071B0B}.Debug|Any CPU.Build.0 = Debug|Any CPU
		{BB9CB244-6BA0-4A57-8467-96B13B071B0B}.Release|Any CPU.ActiveCfg = Release|Any CPU
		{BB9CB244-6BA0-4A57-8467-96B13B071B0B}.Release|Any CPU.Build.0 = Release|Any CPU
		{A61F2710-B4F4-4C81-93B4-10CDC4F70388}.Debug|Any CPU.ActiveCfg = Debug|Any CPU
		{A61F2710-B4F4-4C81-93B4-10CDC4F70388}.Debug|Any CPU.Build.0 = Debug|Any CPU
		{A61F2710-B4F4-4C81-93B4-10CDC4F70388}.Release|Any CPU.ActiveCfg = Release|Any CPU
		{A61F2710-B4F4-4C81-93B4-10CDC4F70388}.Release|Any CPU.Build.0 = Release|Any CPU
	EndGlobalSection
	GlobalSection(SolutionProperties) = preSolution
		HideSolutionNode = FALSE
	EndGlobalSection
EndGlobal
